
Microsoft Visual Studio Solution File, Format Version 12.00
# Visual Studio Version 16
VisualStudioVersion = 16.0.29728.190
MinimumVisualStudioVersion = 10.0.40219.1
Project("{2150E333-8FDC-42A3-9474-1A3956D46DE8}") = "Application", "Application", "{15E08E31-476C-4BA2-A533-556028CFA40F}"
EndProject
Project("{2150E333-8FDC-42A3-9474-1A3956D46DE8}") = "Domain", "Domain", "{A520B8B8-8870-41F6-B3F8-7AFA2647B41A}"
EndProject
Project("{2150E333-8FDC-42A3-9474-1A3956D46DE8}") = "Infra.IoC", "Infra.IoC", "{09F391A7-EC92-40DA-8C73-0691F70F1A8F}"
EndProject
Project("{2150E333-8FDC-42A3-9474-1A3956D46DE8}") = "Infra.Data", "Infra.Data", "{576F43DC-0685-4854-B2FC-290BCD7C6838}"
EndProject
Project("{2150E333-8FDC-42A3-9474-1A3956D46DE8}") = "Presentation", "Presentation", "{8184C3DB-E8B7-46BD-9206-ABD159584B7F}"
EndProject
Project("{9A19103F-16F7-4668-BE54-9A1E7A4F7556}") = "CleanArchitecture.Mvc", "CleanArchitecture.Mvc\CleanArchitecture.Mvc.csproj", "{E72D611D-DBDA-4E87-B3C2-AB5EE964509D}"
EndProject
Project("{9A19103F-16F7-4668-BE54-9A1E7A4F7556}") = "CleanAchitecture.Domain", "CleanAchitecture.Domain\CleanAchitecture.Domain.csproj", "{BCACB9A7-1EDD-443D-85CB-C91174479C05}"
EndProject
Project("{9A19103F-16F7-4668-BE54-9A1E7A4F7556}") = "CleanArchitecture.Infra.Data", "CleanArchitecture.Infra.Data\CleanArchitecture.Infra.Data.csproj", "{1A737E92-8BD6-4EE3-8B04-3DB381453721}"
EndProject
Project("{9A19103F-16F7-4668-BE54-9A1E7A4F7556}") = "CleanArchitecture.Application", "CleanArchitecture.Application\CleanArchitecture.Application.csproj", "{6957F637-7788-4B17-8EAD-EBFD98B46486}"
EndProject
Project("{FAE04EC0-301F-11D3-BF4B-00C04F79EFBC}") = "CleanArchitecture.Infra.IoC", "CleanArchitecture.Infra.IoC\CleanArchitecture.Infra.IoC.csproj", "{15130CE9-CB2E-4A02-96B5-59EAB692C76B}"
EndProject
Project("{2150E333-8FDC-42A3-9474-1A3956D46DE8}") = "Infra.Bus", "Infra.Bus", "{1BF7E67D-4871-4D3A-87DA-0D251E138736}"
EndProject
Project("{2150E333-8FDC-42A3-9474-1A3956D46DE8}") = "Api", "Api", "{59C197A8-F6B5-49F8-8F9F-588992A5A784}"
EndProject
Project("{FAE04EC0-301F-11D3-BF4B-00C04F79EFBC}") = "CleanArchitecture.Infra.Bus", "CleanArchitecture.Infra.Bus\CleanArchitecture.Infra.Bus.csproj", "{8C3DD7DA-EC59-42AA-AD79-10D0E1D11981}"
EndProject
Global
	GlobalSection(SolutionConfigurationPlatforms) = preSolution
		Debug|Any CPU = Debug|Any CPU
		Release|Any CPU = Release|Any CPU
	EndGlobalSection
	GlobalSection(ProjectConfigurationPlatforms) = postSolution
		{E72D611D-DBDA-4E87-B3C2-AB5EE964509D}.Debug|Any CPU.ActiveCfg = Debug|Any CPU
		{E72D611D-DBDA-4E87-B3C2-AB5EE964509D}.Debug|Any CPU.Build.0 = Debug|Any CPU
		{E72D611D-DBDA-4E87-B3C2-AB5EE964509D}.Release|Any CPU.ActiveCfg = Release|Any CPU
		{E72D611D-DBDA-4E87-B3C2-AB5EE964509D}.Release|Any CPU.Build.0 = Release|Any CPU
		{BCACB9A7-1EDD-443D-85CB-C91174479C05}.Debug|Any CPU.ActiveCfg = Debug|Any CPU
		{BCACB9A7-1EDD-443D-85CB-C91174479C05}.Debug|Any CPU.Build.0 = Debug|Any CPU
		{BCACB9A7-1EDD-443D-85CB-C91174479C05}.Release|Any CPU.ActiveCfg = Release|Any CPU
		{BCACB9A7-1EDD-443D-85CB-C91174479C05}.Release|Any CPU.Build.0 = Release|Any CPU
		{1A737E92-8BD6-4EE3-8B04-3DB381453721}.Debug|Any CPU.ActiveCfg = Debug|Any CPU
		{1A737E92-8BD6-4EE3-8B04-3DB381453721}.Debug|Any CPU.Build.0 = Debug|Any CPU
		{1A737E92-8BD6-4EE3-8B04-3DB381453721}.Release|Any CPU.ActiveCfg = Release|Any CPU
		{1A737E92-8BD6-4EE3-8B04-3DB381453721}.Release|Any CPU.Build.0 = Release|Any CPU
		{6957F637-7788-4B17-8EAD-EBFD98B46486}.Debug|Any CPU.ActiveCfg = Debug|Any CPU
		{6957F637-7788-4B17-8EAD-EBFD98B46486}.Debug|Any CPU.Build.0 = Debug|Any CPU
		{6957F637-7788-4B17-8EAD-EBFD98B46486}.Release|Any CPU.ActiveCfg = Release|Any CPU
		{6957F637-7788-4B17-8EAD-EBFD98B46486}.Release|Any CPU.Build.0 = Release|Any CPU
		{15130CE9-CB2E-4A02-96B5-59EAB692C76B}.Debug|Any CPU.ActiveCfg = Debug|Any CPU
		{15130CE9-CB2E-4A02-96B5-59EAB692C76B}.Debug|Any CPU.Build.0 = Debug|Any CPU
		{15130CE9-CB2E-4A02-96B5-59EAB692C76B}.Release|Any CPU.ActiveCfg = Release|Any CPU
		{15130CE9-CB2E-4A02-96B5-59EAB692C76B}.Release|Any CPU.Build.0 = Release|Any CPU
		{8C3DD7DA-EC59-42AA-AD79-10D0E1D11981}.Debug|Any CPU.ActiveCfg = Debug|Any CPU
		{8C3DD7DA-EC59-42AA-AD79-10D0E1D11981}.Debug|Any CPU.Build.0 = Debug|Any CPU
		{8C3DD7DA-EC59-42AA-AD79-10D0E1D11981}.Release|Any CPU.ActiveCfg = Release|Any CPU
		{8C3DD7DA-EC59-42AA-AD79-10D0E1D11981}.Release|Any CPU.Build.0 = Release|Any CPU
	EndGlobalSection
	GlobalSection(SolutionProperties) = preSolution
		HideSolutionNode = FALSE
	EndGlobalSection
	GlobalSection(NestedProjects) = preSolution
		{E72D611D-DBDA-4E87-B3C2-AB5EE964509D} = {8184C3DB-E8B7-46BD-9206-ABD159584B7F}
		{BCACB9A7-1EDD-443D-85CB-C91174479C05} = {A520B8B8-8870-41F6-B3F8-7AFA2647B41A}
		{1A737E92-8BD6-4EE3-8B04-3DB381453721} = {576F43DC-0685-4854-B2FC-290BCD7C6838}
		{6957F637-7788-4B17-8EAD-EBFD98B46486} = {15E08E31-476C-4BA2-A533-556028CFA40F}
		{15130CE9-CB2E-4A02-96B5-59EAB692C76B} = {09F391A7-EC92-40DA-8C73-0691F70F1A8F}
		{8C3DD7DA-EC59-42AA-AD79-10D0E1D11981} = {1BF7E67D-4871-4D3A-87DA-0D251E138736}
	EndGlobalSection
	GlobalSection(ExtensibilityGlobals) = postSolution
		SolutionGuid = {C74224A9-3F0C-49C5-80F5-6C00C70A1B10}
	EndGlobalSection
EndGlobal
